// !$*UTF8*$!
{
	archiveVersion = 1;
	classes = {
	};
	objectVersion = 46;
	objects = {

/* Begin PBXBuildFile section */
		04361D641C4A814B000B4721 /* MTRDelegatingNavigationController.swift in Sources */ = {isa = PBXBuildFile; fileRef = 04361D631C4A814B000B4721 /* MTRDelegatingNavigationController.swift */; };
		04361D661C4A8F3C000B4721 /* ICAO.plist in Resources */ = {isa = PBXBuildFile; fileRef = 04361D651C4A8F3C000B4721 /* ICAO.plist */; };
		04361D691C4AEACA000B4721 /* CurrentLocationTableViewCell.swift in Sources */ = {isa = PBXBuildFile; fileRef = 04361D681C4AEACA000B4721 /* CurrentLocationTableViewCell.swift */; };
		04361D6E1C4B9083000B4721 /* MetarViewController.swift in Sources */ = {isa = PBXBuildFile; fileRef = 04361D6D1C4B9083000B4721 /* MetarViewController.swift */; };
		04361D701C4B90AA000B4721 /* MetarView.swift in Sources */ = {isa = PBXBuildFile; fileRef = 04361D6F1C4B90AA000B4721 /* MetarView.swift */; };
		04361D721C4B90BE000B4721 /* Metar.storyboard in Resources */ = {isa = PBXBuildFile; fileRef = 04361D711C4B90BE000B4721 /* Metar.storyboard */; };
		043F8FF41C49B9440032A461 /* UILabel+Attributes.swift in Sources */ = {isa = PBXBuildFile; fileRef = 043F8FF31C49B9440032A461 /* UILabel+Attributes.swift */; };
		046C5CCE1C4BA34F0090AD2C /* MetarStationDetailViewController.swift in Sources */ = {isa = PBXBuildFile; fileRef = 046C5CCD1C4BA34F0090AD2C /* MetarStationDetailViewController.swift */; };
		046C5CD01C4BA3820090AD2C /* MetarStationView.swift in Sources */ = {isa = PBXBuildFile; fileRef = 046C5CCF1C4BA3820090AD2C /* MetarStationView.swift */; };
		0475507E1C49B49B009DD792 /* Localizable.strings in Resources */ = {isa = PBXBuildFile; fileRef = 047550801C49B49B009DD792 /* Localizable.strings */; };
		047550821C49B4F8009DD792 /* PlaceholderView.swift in Sources */ = {isa = PBXBuildFile; fileRef = 047550811C49B4F8009DD792 /* PlaceholderView.swift */; };
		048863041C4A334E00CD5B26 /* DashboardTests.swift in Sources */ = {isa = PBXBuildFile; fileRef = 048863031C4A334E00CD5B26 /* DashboardTests.swift */; };
		04C22BA01BD6A5D800175B52 /* Search.storyboard in Resources */ = {isa = PBXBuildFile; fileRef = 04C22B9F1BD6A5D800175B52 /* Search.storyboard */; };
		04C22BA21BD6A82F00175B52 /* SearchViewController.swift in Sources */ = {isa = PBXBuildFile; fileRef = 04C22BA11BD6A82F00175B52 /* SearchViewController.swift */; };
		04C22BA41BD6A90E00175B52 /* UIStoryboard+Dismiss.swift in Sources */ = {isa = PBXBuildFile; fileRef = 04C22BA31BD6A90E00175B52 /* UIStoryboard+Dismiss.swift */; };
		04C22BA61BD6AA5C00175B52 /* SearchView.swift in Sources */ = {isa = PBXBuildFile; fileRef = 04C22BA51BD6AA5C00175B52 /* SearchView.swift */; };
		04C22BA81BD6B25C00175B52 /* PlaceholderViewController.swift in Sources */ = {isa = PBXBuildFile; fileRef = 04C22BA71BD6B25C00175B52 /* PlaceholderViewController.swift */; };
		04C22BAA1BD6EC4C00175B52 /* MTRXMLParser.swift in Sources */ = {isa = PBXBuildFile; fileRef = 04C22BA91BD6EC4C00175B52 /* MTRXMLParser.swift */; };
		04C22BAC1BD6EF7400175B52 /* SearchMetarTableViewCell.swift in Sources */ = {isa = PBXBuildFile; fileRef = 04C22BAB1BD6EF7400175B52 /* SearchMetarTableViewCell.swift */; };
		04C22BAE1BD6F0C600175B52 /* MTRThreading.swift in Sources */ = {isa = PBXBuildFile; fileRef = 04C22BAD1BD6F0C600175B52 /* MTRThreading.swift */; };
		04D5BCAC1C4C504B004ABF12 /* MTRSpinnerBarButtonItem.swift in Sources */ = {isa = PBXBuildFile; fileRef = 04D5BCAB1C4C504B004ABF12 /* MTRSpinnerBarButtonItem.swift */; };
		0A502B4F6AD00F5F41D8045A /* Pods.framework in Frameworks */ = {isa = PBXBuildFile; fileRef = FA920EAA2B82E22FA60EBF63 /* Pods.framework */; };
		1DFE268CFCEF2622764714E7 /* Pods_MetarUITests.framework in Frameworks */ = {isa = PBXBuildFile; fileRef = 811BF88276D7793E66C7A6F1 /* Pods_MetarUITests.framework */; };
		3CD8EEDFF6A710F500E85F72 /* Pods_MetarTests.framework in Frameworks */ = {isa = PBXBuildFile; fileRef = 8EDCA50F1620BB7C697F32C7 /* Pods_MetarTests.framework */; };
		626D6B3E1BD674E60042619F /* MetarServiceTests.swift in Sources */ = {isa = PBXBuildFile; fileRef = 626D6B3D1BD674E60042619F /* MetarServiceTests.swift */; };
		626D6B411BD675AC0042619F /* QuickSpec+Expectations.swift in Sources */ = {isa = PBXBuildFile; fileRef = 626D6B401BD675AC0042619F /* QuickSpec+Expectations.swift */; };
		626D6B571BD67C140042619F /* SwiftRegex.swift in Sources */ = {isa = PBXBuildFile; fileRef = 626D6B561BD67C140042619F /* SwiftRegex.swift */; };
		626D6B5C1BD67D740042619F /* MetarParserCategoryTests.swift in Sources */ = {isa = PBXBuildFile; fileRef = 626D6B581BD67D740042619F /* MetarParserCategoryTests.swift */; };
		626D6B641BD67FB00042619F /* MetarParserEBBRTests.swift in Sources */ = {isa = PBXBuildFile; fileRef = 626D6B621BD67FB00042619F /* MetarParserEBBRTests.swift */; };
		626D6B651BD67FB00042619F /* MetarParserLBBGTests.swift in Sources */ = {isa = PBXBuildFile; fileRef = 626D6B631BD67FB00042619F /* MetarParserLBBGTests.swift */; };
		626D6B751BD689B80042619F /* String+Formatters.swift in Sources */ = {isa = PBXBuildFile; fileRef = 626D6B681BD689B80042619F /* String+Formatters.swift */; };
		626D6B761BD689B80042619F /* Cloud.swift in Sources */ = {isa = PBXBuildFile; fileRef = 626D6B6A1BD689B80042619F /* Cloud.swift */; };
		626D6B771BD689B80042619F /* Metar.swift in Sources */ = {isa = PBXBuildFile; fileRef = 626D6B6B1BD689B80042619F /* Metar.swift */; };
		626D6B781BD689B80042619F /* Pressure.swift in Sources */ = {isa = PBXBuildFile; fileRef = 626D6B6C1BD689B80042619F /* Pressure.swift */; };
		626D6B791BD689B80042619F /* Runway.swift in Sources */ = {isa = PBXBuildFile; fileRef = 626D6B6D1BD689B80042619F /* Runway.swift */; };
		626D6B7A1BD689B80042619F /* Station.swift in Sources */ = {isa = PBXBuildFile; fileRef = 626D6B6E1BD689B80042619F /* Station.swift */; };
		626D6B7B1BD689B80042619F /* Visibility.swift in Sources */ = {isa = PBXBuildFile; fileRef = 626D6B6F1BD689B80042619F /* Visibility.swift */; };
		626D6B7C1BD689B80042619F /* Wind.swift in Sources */ = {isa = PBXBuildFile; fileRef = 626D6B701BD689B80042619F /* Wind.swift */; };
		626D6B7D1BD689B80042619F /* MTRParser.swift in Sources */ = {isa = PBXBuildFile; fileRef = 626D6B721BD689B80042619F /* MTRParser.swift */; };
		626D6B7E1BD689B80042619F /* MTRService.swift in Sources */ = {isa = PBXBuildFile; fileRef = 626D6B741BD689B80042619F /* MTRService.swift */; };
		626D6B841BD68ADF0042619F /* Dashboard.storyboard in Resources */ = {isa = PBXBuildFile; fileRef = 626D6B831BD68ADF0042619F /* Dashboard.storyboard */; };
		626D6B861BD68B330042619F /* DashboardViewController.swift in Sources */ = {isa = PBXBuildFile; fileRef = 626D6B851BD68B330042619F /* DashboardViewController.swift */; };
		626D6B881BD68DE20042619F /* DashboardView.swift in Sources */ = {isa = PBXBuildFile; fileRef = 626D6B871BD68DE20042619F /* DashboardView.swift */; };
		626D6B8A1BD68EE50042619F /* CoreLocation.framework in Frameworks */ = {isa = PBXBuildFile; fileRef = 626D6B891BD68EE50042619F /* CoreLocation.framework */; };
		626D6B8C1BD69A0D0042619F /* StationsTableViewController.swift in Sources */ = {isa = PBXBuildFile; fileRef = 626D6B8B1BD69A0D0042619F /* StationsTableViewController.swift */; };
		62DD04CA1BD635C800628E9D /* AppDelegate.swift in Sources */ = {isa = PBXBuildFile; fileRef = 62DD04C91BD635C800628E9D /* AppDelegate.swift */; };
		62DD04D11BD635C800628E9D /* Assets.xcassets in Resources */ = {isa = PBXBuildFile; fileRef = 62DD04D01BD635C800628E9D /* Assets.xcassets */; };
		62DD04D41BD635C800628E9D /* LaunchScreen.storyboard in Resources */ = {isa = PBXBuildFile; fileRef = 62DD04D21BD635C800628E9D /* LaunchScreen.storyboard */; };
/* End PBXBuildFile section */

/* Begin PBXContainerItemProxy section */
		62DD04DB1BD635C800628E9D /* PBXContainerItemProxy */ = {
			isa = PBXContainerItemProxy;
			containerPortal = 62DD04BE1BD635C800628E9D /* Project object */;
			proxyType = 1;
			remoteGlobalIDString = 62DD04C51BD635C800628E9D;
			remoteInfo = Metar;
		};
		62DD04E61BD635C800628E9D /* PBXContainerItemProxy */ = {
			isa = PBXContainerItemProxy;
			containerPortal = 62DD04BE1BD635C800628E9D /* Project object */;
			proxyType = 1;
			remoteGlobalIDString = 62DD04C51BD635C800628E9D;
			remoteInfo = Metar;
		};
/* End PBXContainerItemProxy section */

/* Begin PBXFileReference section */
		02CBDA2D172B500695FBB8FE /* Pods-MetarTests.debug.xcconfig */ = {isa = PBXFileReference; includeInIndex = 1; lastKnownFileType = text.xcconfig; name = "Pods-MetarTests.debug.xcconfig"; path = "Pods/Target Support Files/Pods-MetarTests/Pods-MetarTests.debug.xcconfig"; sourceTree = "<group>"; };
		04361D631C4A814B000B4721 /* MTRDelegatingNavigationController.swift */ = {isa = PBXFileReference; fileEncoding = 4; lastKnownFileType = sourcecode.swift; path = MTRDelegatingNavigationController.swift; sourceTree = "<group>"; };
		04361D651C4A8F3C000B4721 /* ICAO.plist */ = {isa = PBXFileReference; fileEncoding = 4; lastKnownFileType = text.plist.xml; path = ICAO.plist; sourceTree = "<group>"; };
		04361D681C4AEACA000B4721 /* CurrentLocationTableViewCell.swift */ = {isa = PBXFileReference; fileEncoding = 4; lastKnownFileType = sourcecode.swift; path = CurrentLocationTableViewCell.swift; sourceTree = "<group>"; };
		04361D6D1C4B9083000B4721 /* MetarViewController.swift */ = {isa = PBXFileReference; fileEncoding = 4; lastKnownFileType = sourcecode.swift; path = MetarViewController.swift; sourceTree = "<group>"; };
		04361D6F1C4B90AA000B4721 /* MetarView.swift */ = {isa = PBXFileReference; fileEncoding = 4; lastKnownFileType = sourcecode.swift; path = MetarView.swift; sourceTree = "<group>"; };
		04361D711C4B90BE000B4721 /* Metar.storyboard */ = {isa = PBXFileReference; fileEncoding = 4; lastKnownFileType = file.storyboard; path = Metar.storyboard; sourceTree = "<group>"; };
		043F8FF31C49B9440032A461 /* UILabel+Attributes.swift */ = {isa = PBXFileReference; fileEncoding = 4; lastKnownFileType = sourcecode.swift; path = "UILabel+Attributes.swift"; sourceTree = "<group>"; };
		046C5CCD1C4BA34F0090AD2C /* MetarStationDetailViewController.swift */ = {isa = PBXFileReference; fileEncoding = 4; lastKnownFileType = sourcecode.swift; path = MetarStationDetailViewController.swift; sourceTree = "<group>"; };
		046C5CCF1C4BA3820090AD2C /* MetarStationView.swift */ = {isa = PBXFileReference; fileEncoding = 4; lastKnownFileType = sourcecode.swift; path = MetarStationView.swift; sourceTree = "<group>"; };
		0475507B1C49B48B009DD792 /* en */ = {isa = PBXFileReference; lastKnownFileType = file.storyboard; name = en; path = en.lproj/LaunchScreen.storyboard; sourceTree = "<group>"; };
		0475507F1C49B49B009DD792 /* en */ = {isa = PBXFileReference; lastKnownFileType = text.plist.strings; name = en; path = en.lproj/Localizable.strings; sourceTree = "<group>"; };
		047550811C49B4F8009DD792 /* PlaceholderView.swift */ = {isa = PBXFileReference; fileEncoding = 4; lastKnownFileType = sourcecode.swift; path = PlaceholderView.swift; sourceTree = "<group>"; };
		048863031C4A334E00CD5B26 /* DashboardTests.swift */ = {isa = PBXFileReference; fileEncoding = 4; lastKnownFileType = sourcecode.swift; path = DashboardTests.swift; sourceTree = "<group>"; };
		04C22B9F1BD6A5D800175B52 /* Search.storyboard */ = {isa = PBXFileReference; fileEncoding = 4; lastKnownFileType = file.storyboard; path = Search.storyboard; sourceTree = "<group>"; };
		04C22BA11BD6A82F00175B52 /* SearchViewController.swift */ = {isa = PBXFileReference; fileEncoding = 4; lastKnownFileType = sourcecode.swift; path = SearchViewController.swift; sourceTree = "<group>"; };
		04C22BA31BD6A90E00175B52 /* UIStoryboard+Dismiss.swift */ = {isa = PBXFileReference; fileEncoding = 4; lastKnownFileType = sourcecode.swift; path = "UIStoryboard+Dismiss.swift"; sourceTree = "<group>"; };
		04C22BA51BD6AA5C00175B52 /* SearchView.swift */ = {isa = PBXFileReference; fileEncoding = 4; lastKnownFileType = sourcecode.swift; path = SearchView.swift; sourceTree = "<group>"; };
		04C22BA71BD6B25C00175B52 /* PlaceholderViewController.swift */ = {isa = PBXFileReference; fileEncoding = 4; lastKnownFileType = sourcecode.swift; path = PlaceholderViewController.swift; sourceTree = "<group>"; };
		04C22BA91BD6EC4C00175B52 /* MTRXMLParser.swift */ = {isa = PBXFileReference; fileEncoding = 4; lastKnownFileType = sourcecode.swift; path = MTRXMLParser.swift; sourceTree = "<group>"; };
		04C22BAB1BD6EF7400175B52 /* SearchMetarTableViewCell.swift */ = {isa = PBXFileReference; fileEncoding = 4; lastKnownFileType = sourcecode.swift; path = SearchMetarTableViewCell.swift; sourceTree = "<group>"; };
		04C22BAD1BD6F0C600175B52 /* MTRThreading.swift */ = {isa = PBXFileReference; fileEncoding = 4; lastKnownFileType = sourcecode.swift; path = MTRThreading.swift; sourceTree = "<group>"; };
		04D5BCAB1C4C504B004ABF12 /* MTRSpinnerBarButtonItem.swift */ = {isa = PBXFileReference; fileEncoding = 4; lastKnownFileType = sourcecode.swift; path = MTRSpinnerBarButtonItem.swift; sourceTree = "<group>"; };
		626D6B3D1BD674E60042619F /* MetarServiceTests.swift */ = {isa = PBXFileReference; fileEncoding = 4; lastKnownFileType = sourcecode.swift; path = MetarServiceTests.swift; sourceTree = "<group>"; };
		626D6B401BD675AC0042619F /* QuickSpec+Expectations.swift */ = {isa = PBXFileReference; fileEncoding = 4; lastKnownFileType = sourcecode.swift; path = "QuickSpec+Expectations.swift"; sourceTree = "<group>"; };
		626D6B561BD67C140042619F /* SwiftRegex.swift */ = {isa = PBXFileReference; fileEncoding = 4; lastKnownFileType = sourcecode.swift; path = SwiftRegex.swift; sourceTree = "<group>"; };
		626D6B581BD67D740042619F /* MetarParserCategoryTests.swift */ = {isa = PBXFileReference; fileEncoding = 4; lastKnownFileType = sourcecode.swift; path = MetarParserCategoryTests.swift; sourceTree = "<group>"; };
		626D6B621BD67FB00042619F /* MetarParserEBBRTests.swift */ = {isa = PBXFileReference; fileEncoding = 4; lastKnownFileType = sourcecode.swift; path = MetarParserEBBRTests.swift; sourceTree = "<group>"; };
		626D6B631BD67FB00042619F /* MetarParserLBBGTests.swift */ = {isa = PBXFileReference; fileEncoding = 4; lastKnownFileType = sourcecode.swift; path = MetarParserLBBGTests.swift; sourceTree = "<group>"; };
		626D6B681BD689B80042619F /* String+Formatters.swift */ = {isa = PBXFileReference; fileEncoding = 4; lastKnownFileType = sourcecode.swift; path = "String+Formatters.swift"; sourceTree = "<group>"; };
		626D6B6A1BD689B80042619F /* Cloud.swift */ = {isa = PBXFileReference; fileEncoding = 4; lastKnownFileType = sourcecode.swift; path = Cloud.swift; sourceTree = "<group>"; };
		626D6B6B1BD689B80042619F /* Metar.swift */ = {isa = PBXFileReference; fileEncoding = 4; lastKnownFileType = sourcecode.swift; path = Metar.swift; sourceTree = "<group>"; };
		626D6B6C1BD689B80042619F /* Pressure.swift */ = {isa = PBXFileReference; fileEncoding = 4; lastKnownFileType = sourcecode.swift; path = Pressure.swift; sourceTree = "<group>"; };
		626D6B6D1BD689B80042619F /* Runway.swift */ = {isa = PBXFileReference; fileEncoding = 4; lastKnownFileType = sourcecode.swift; path = Runway.swift; sourceTree = "<group>"; };
		626D6B6E1BD689B80042619F /* Station.swift */ = {isa = PBXFileReference; fileEncoding = 4; lastKnownFileType = sourcecode.swift; path = Station.swift; sourceTree = "<group>"; };
		626D6B6F1BD689B80042619F /* Visibility.swift */ = {isa = PBXFileReference; fileEncoding = 4; lastKnownFileType = sourcecode.swift; path = Visibility.swift; sourceTree = "<group>"; };
		626D6B701BD689B80042619F /* Wind.swift */ = {isa = PBXFileReference; fileEncoding = 4; lastKnownFileType = sourcecode.swift; path = Wind.swift; sourceTree = "<group>"; };
		626D6B721BD689B80042619F /* MTRParser.swift */ = {isa = PBXFileReference; fileEncoding = 4; lastKnownFileType = sourcecode.swift; path = MTRParser.swift; sourceTree = "<group>"; };
		626D6B741BD689B80042619F /* MTRService.swift */ = {isa = PBXFileReference; fileEncoding = 4; lastKnownFileType = sourcecode.swift; path = MTRService.swift; sourceTree = "<group>"; };
		626D6B831BD68ADF0042619F /* Dashboard.storyboard */ = {isa = PBXFileReference; fileEncoding = 4; lastKnownFileType = file.storyboard; path = Dashboard.storyboard; sourceTree = "<group>"; };
		626D6B851BD68B330042619F /* DashboardViewController.swift */ = {isa = PBXFileReference; fileEncoding = 4; lastKnownFileType = sourcecode.swift; path = DashboardViewController.swift; sourceTree = "<group>"; };
		626D6B871BD68DE20042619F /* DashboardView.swift */ = {isa = PBXFileReference; fileEncoding = 4; lastKnownFileType = sourcecode.swift; path = DashboardView.swift; sourceTree = "<group>"; };
		626D6B891BD68EE50042619F /* CoreLocation.framework */ = {isa = PBXFileReference; lastKnownFileType = wrapper.framework; name = CoreLocation.framework; path = System/Library/Frameworks/CoreLocation.framework; sourceTree = SDKROOT; };
		626D6B8B1BD69A0D0042619F /* StationsTableViewController.swift */ = {isa = PBXFileReference; fileEncoding = 4; lastKnownFileType = sourcecode.swift; path = StationsTableViewController.swift; sourceTree = "<group>"; };
		62DD04C61BD635C800628E9D /* Metar.app */ = {isa = PBXFileReference; explicitFileType = wrapper.application; includeInIndex = 0; path = Metar.app; sourceTree = BUILT_PRODUCTS_DIR; };
		62DD04C91BD635C800628E9D /* AppDelegate.swift */ = {isa = PBXFileReference; lastKnownFileType = sourcecode.swift; path = AppDelegate.swift; sourceTree = "<group>"; };
		62DD04D01BD635C800628E9D /* Assets.xcassets */ = {isa = PBXFileReference; lastKnownFileType = folder.assetcatalog; path = Assets.xcassets; sourceTree = "<group>"; };
		62DD04D51BD635C800628E9D /* Info.plist */ = {isa = PBXFileReference; lastKnownFileType = text.plist.xml; path = Info.plist; sourceTree = "<group>"; };
		62DD04DA1BD635C800628E9D /* MetarTests.xctest */ = {isa = PBXFileReference; explicitFileType = wrapper.cfbundle; includeInIndex = 0; path = MetarTests.xctest; sourceTree = BUILT_PRODUCTS_DIR; };
		62DD04E01BD635C800628E9D /* Info.plist */ = {isa = PBXFileReference; lastKnownFileType = text.plist.xml; path = Info.plist; sourceTree = "<group>"; };
		62DD04E51BD635C800628E9D /* MetarUITests.xctest */ = {isa = PBXFileReference; explicitFileType = wrapper.cfbundle; includeInIndex = 0; path = MetarUITests.xctest; sourceTree = BUILT_PRODUCTS_DIR; };
		62DD04EB1BD635C800628E9D /* Info.plist */ = {isa = PBXFileReference; lastKnownFileType = text.plist.xml; path = Info.plist; sourceTree = "<group>"; };
		811BF88276D7793E66C7A6F1 /* Pods_MetarUITests.framework */ = {isa = PBXFileReference; explicitFileType = wrapper.framework; includeInIndex = 0; path = Pods_MetarUITests.framework; sourceTree = BUILT_PRODUCTS_DIR; };
		87C18784C63CBC00C74E2AEC /* Pods-MetarUITests.release.xcconfig */ = {isa = PBXFileReference; includeInIndex = 1; lastKnownFileType = text.xcconfig; name = "Pods-MetarUITests.release.xcconfig"; path = "Pods/Target Support Files/Pods-MetarUITests/Pods-MetarUITests.release.xcconfig"; sourceTree = "<group>"; };
		8EDCA50F1620BB7C697F32C7 /* Pods_MetarTests.framework */ = {isa = PBXFileReference; explicitFileType = wrapper.framework; includeInIndex = 0; path = Pods_MetarTests.framework; sourceTree = BUILT_PRODUCTS_DIR; };
		90728424445FD54E398F4BB6 /* Pods.debug.xcconfig */ = {isa = PBXFileReference; includeInIndex = 1; lastKnownFileType = text.xcconfig; name = Pods.debug.xcconfig; path = "Pods/Target Support Files/Pods/Pods.debug.xcconfig"; sourceTree = "<group>"; };
		E8826967B2D55A9014719AB6 /* Pods-MetarTests.release.xcconfig */ = {isa = PBXFileReference; includeInIndex = 1; lastKnownFileType = text.xcconfig; name = "Pods-MetarTests.release.xcconfig"; path = "Pods/Target Support Files/Pods-MetarTests/Pods-MetarTests.release.xcconfig"; sourceTree = "<group>"; };
		EC553B6FC9ACB89C1311035B /* Pods-MetarUITests.debug.xcconfig */ = {isa = PBXFileReference; includeInIndex = 1; lastKnownFileType = text.xcconfig; name = "Pods-MetarUITests.debug.xcconfig"; path = "Pods/Target Support Files/Pods-MetarUITests/Pods-MetarUITests.debug.xcconfig"; sourceTree = "<group>"; };
		F1C42FAD29132B037F942857 /* Pods.release.xcconfig */ = {isa = PBXFileReference; includeInIndex = 1; lastKnownFileType = text.xcconfig; name = Pods.release.xcconfig; path = "Pods/Target Support Files/Pods/Pods.release.xcconfig"; sourceTree = "<group>"; };
		FA920EAA2B82E22FA60EBF63 /* Pods.framework */ = {isa = PBXFileReference; explicitFileType = wrapper.framework; includeInIndex = 0; path = Pods.framework; sourceTree = BUILT_PRODUCTS_DIR; };
/* End PBXFileReference section */

/* Begin PBXFrameworksBuildPhase section */
		62DD04C31BD635C800628E9D /* Frameworks */ = {
			isa = PBXFrameworksBuildPhase;
			buildActionMask = 2147483647;
			files = (
				626D6B8A1BD68EE50042619F /* CoreLocation.framework in Frameworks */,
				0A502B4F6AD00F5F41D8045A /* Pods.framework in Frameworks */,
			);
			runOnlyForDeploymentPostprocessing = 0;
		};
		62DD04D71BD635C800628E9D /* Frameworks */ = {
			isa = PBXFrameworksBuildPhase;
			buildActionMask = 2147483647;
			files = (
				3CD8EEDFF6A710F500E85F72 /* Pods_MetarTests.framework in Frameworks */,
			);
			runOnlyForDeploymentPostprocessing = 0;
		};
		62DD04E21BD635C800628E9D /* Frameworks */ = {
			isa = PBXFrameworksBuildPhase;
			buildActionMask = 2147483647;
			files = (
				1DFE268CFCEF2622764714E7 /* Pods_MetarUITests.framework in Frameworks */,
			);
			runOnlyForDeploymentPostprocessing = 0;
		};
/* End PBXFrameworksBuildPhase section */

/* Begin PBXGroup section */
		04361D621C4A813D000B4721 /* Controllers */ = {
			isa = PBXGroup;
			children = (
				04361D631C4A814B000B4721 /* MTRDelegatingNavigationController.swift */,
			);
			path = Controllers;
			sourceTree = "<group>";
		};
		04361D6A1C4AEAFD000B4721 /* Cell */ = {
			isa = PBXGroup;
			children = (
				04361D681C4AEACA000B4721 /* CurrentLocationTableViewCell.swift */,
				04C22BAB1BD6EF7400175B52 /* SearchMetarTableViewCell.swift */,
			);
			path = Cell;
			sourceTree = "<group>";
		};
		04361D6B1C4AEB03000B4721 /* Placeholder */ = {
			isa = PBXGroup;
			children = (
				047550811C49B4F8009DD792 /* PlaceholderView.swift */,
				04C22BA71BD6B25C00175B52 /* PlaceholderViewController.swift */,
			);
			path = Placeholder;
			sourceTree = "<group>";
		};
		04361D6C1C4AF265000B4721 /* Data */ = {
			isa = PBXGroup;
			children = (
				04361D651C4A8F3C000B4721 /* ICAO.plist */,
			);
			path = Data;
			sourceTree = "<group>";
		};
		046C5CD11C4BA3990090AD2C /* Station details */ = {
			isa = PBXGroup;
			children = (
				046C5CCD1C4BA34F0090AD2C /* MetarStationDetailViewController.swift */,
				046C5CCF1C4BA3820090AD2C /* MetarStationView.swift */,
			);
			path = "Station details";
			sourceTree = "<group>";
		};
		048863051C4A335700CD5B26 /* Tests */ = {
			isa = PBXGroup;
			children = (
				048863031C4A334E00CD5B26 /* DashboardTests.swift */,
			);
			path = Tests;
			sourceTree = "<group>";
		};
		04D5BCA91C4C4F69004ABF12 /* Metar stations */ = {
			isa = PBXGroup;
			children = (
				626D6B8B1BD69A0D0042619F /* StationsTableViewController.swift */,
			);
			path = "Metar stations";
			sourceTree = "<group>";
		};
		04D5BCAA1C4C5038004ABF12 /* Views */ = {
			isa = PBXGroup;
			children = (
				04D5BCAB1C4C504B004ABF12 /* MTRSpinnerBarButtonItem.swift */,
			);
			path = Views;
			sourceTree = "<group>";
		};
		2C472D1C591E070ED27871C5 /* Frameworks */ = {
			isa = PBXGroup;
			children = (
				626D6B891BD68EE50042619F /* CoreLocation.framework */,
				FA920EAA2B82E22FA60EBF63 /* Pods.framework */,
				8EDCA50F1620BB7C697F32C7 /* Pods_MetarTests.framework */,
				811BF88276D7793E66C7A6F1 /* Pods_MetarUITests.framework */,
			);
			name = Frameworks;
			sourceTree = "<group>";
		};
		626D6B3C1BD674E60042619F /* Tests */ = {
			isa = PBXGroup;
			children = (
				626D6B611BD67D7D0042619F /* Parser */,
				626D6B601BD67D780042619F /* Service */,
			);
			path = Tests;
			sourceTree = "<group>";
		};
		626D6B3F1BD674EF0042619F /* Extensions */ = {
			isa = PBXGroup;
			children = (
				626D6B401BD675AC0042619F /* QuickSpec+Expectations.swift */,
			);
			path = Extensions;
			sourceTree = "<group>";
		};
		626D6B541BD67C140042619F /* Vendor */ = {
			isa = PBXGroup;
			children = (
				626D6B551BD67C140042619F /* SwiftRegex */,
			);
			path = Vendor;
			sourceTree = "<group>";
		};
		626D6B551BD67C140042619F /* SwiftRegex */ = {
			isa = PBXGroup;
			children = (
				626D6B561BD67C140042619F /* SwiftRegex.swift */,
			);
			path = SwiftRegex;
			sourceTree = "<group>";
		};
		626D6B601BD67D780042619F /* Service */ = {
			isa = PBXGroup;
			children = (
				626D6B3D1BD674E60042619F /* MetarServiceTests.swift */,
			);
			path = Service;
			sourceTree = "<group>";
		};
		626D6B611BD67D7D0042619F /* Parser */ = {
			isa = PBXGroup;
			children = (
				626D6B581BD67D740042619F /* MetarParserCategoryTests.swift */,
				626D6B621BD67FB00042619F /* MetarParserEBBRTests.swift */,
				626D6B631BD67FB00042619F /* MetarParserLBBGTests.swift */,
			);
			path = Parser;
			sourceTree = "<group>";
		};
		626D6B661BD689B80042619F /* Components */ = {
			isa = PBXGroup;
			children = (
				04361D621C4A813D000B4721 /* Controllers */,
				626D6B671BD689B80042619F /* Extensions */,
				626D6B691BD689B80042619F /* Models */,
				626D6B711BD689B80042619F /* Parser */,
				626D6B731BD689B80042619F /* Service */,
				04D5BCAA1C4C5038004ABF12 /* Views */,
				04C22BAD1BD6F0C600175B52 /* MTRThreading.swift */,
			);
			path = Components;
			sourceTree = "<group>";
		};
		626D6B671BD689B80042619F /* Extensions */ = {
			isa = PBXGroup;
			children = (
				626D6B681BD689B80042619F /* String+Formatters.swift */,
				043F8FF31C49B9440032A461 /* UILabel+Attributes.swift */,
				04C22BA31BD6A90E00175B52 /* UIStoryboard+Dismiss.swift */,
			);
			path = Extensions;
			sourceTree = "<group>";
		};
		626D6B691BD689B80042619F /* Models */ = {
			isa = PBXGroup;
			children = (
				626D6B6A1BD689B80042619F /* Cloud.swift */,
				626D6B6B1BD689B80042619F /* Metar.swift */,
				626D6B6C1BD689B80042619F /* Pressure.swift */,
				626D6B6D1BD689B80042619F /* Runway.swift */,
				626D6B6E1BD689B80042619F /* Station.swift */,
				626D6B6F1BD689B80042619F /* Visibility.swift */,
				626D6B701BD689B80042619F /* Wind.swift */,
			);
			path = Models;
			sourceTree = "<group>";
		};
		626D6B711BD689B80042619F /* Parser */ = {
			isa = PBXGroup;
			children = (
				626D6B721BD689B80042619F /* MTRParser.swift */,
				04C22BA91BD6EC4C00175B52 /* MTRXMLParser.swift */,
			);
			path = Parser;
			sourceTree = "<group>";
		};
		626D6B731BD689B80042619F /* Service */ = {
			isa = PBXGroup;
			children = (
				626D6B741BD689B80042619F /* MTRService.swift */,
			);
			path = Service;
			sourceTree = "<group>";
		};
		626D6B7F1BD68AB80042619F /* Modules */ = {
			isa = PBXGroup;
			children = (
				626D6B801BD68AD40042619F /* Dashboard */,
				626D6B811BD68AD40042619F /* Metar */,
				626D6B821BD68AD40042619F /* Search */,
			);
			path = Modules;
			sourceTree = "<group>";
		};
		626D6B801BD68AD40042619F /* Dashboard */ = {
			isa = PBXGroup;
			children = (
				04D5BCA91C4C4F69004ABF12 /* Metar stations */,
				04361D6B1C4AEB03000B4721 /* Placeholder */,
				626D6B831BD68ADF0042619F /* Dashboard.storyboard */,
				626D6B871BD68DE20042619F /* DashboardView.swift */,
				626D6B851BD68B330042619F /* DashboardViewController.swift */,
			);
			path = Dashboard;
			sourceTree = "<group>";
		};
		626D6B811BD68AD40042619F /* Metar */ = {
			isa = PBXGroup;
			children = (
				046C5CD11C4BA3990090AD2C /* Station details */,
				04361D711C4B90BE000B4721 /* Metar.storyboard */,
				04361D6F1C4B90AA000B4721 /* MetarView.swift */,
				04361D6D1C4B9083000B4721 /* MetarViewController.swift */,
			);
			path = Metar;
			sourceTree = "<group>";
		};
		626D6B821BD68AD40042619F /* Search */ = {
			isa = PBXGroup;
			children = (
				04361D6A1C4AEAFD000B4721 /* Cell */,
				04C22B9F1BD6A5D800175B52 /* Search.storyboard */,
				04C22BA51BD6AA5C00175B52 /* SearchView.swift */,
				04C22BA11BD6A82F00175B52 /* SearchViewController.swift */,
			);
			path = Search;
			sourceTree = "<group>";
		};
		62DD04BD1BD635C800628E9D = {
			isa = PBXGroup;
			children = (
				2C472D1C591E070ED27871C5 /* Frameworks */,
				62DD04C81BD635C800628E9D /* Metar */,
				62DD04DD1BD635C800628E9D /* MetarTests */,
				62DD04E81BD635C800628E9D /* MetarUITests */,
				B2779EAC3ECEBB4B5D5458EE /* Pods */,
				62DD04C71BD635C800628E9D /* Products */,
			);
			sourceTree = "<group>";
		};
		62DD04C71BD635C800628E9D /* Products */ = {
			isa = PBXGroup;
			children = (
				62DD04C61BD635C800628E9D /* Metar.app */,
				62DD04DA1BD635C800628E9D /* MetarTests.xctest */,
				62DD04E51BD635C800628E9D /* MetarUITests.xctest */,
			);
			name = Products;
			sourceTree = "<group>";
		};
		62DD04C81BD635C800628E9D /* Metar */ = {
			isa = PBXGroup;
			children = (
				626D6B661BD689B80042619F /* Components */,
				626D6B7F1BD68AB80042619F /* Modules */,
				62DD04F81BD635DA00628E9D /* Supporting Files */,
				62DD04F71BD635D700628E9D /* UI */,
				626D6B541BD67C140042619F /* Vendor */,
				62DD04C91BD635C800628E9D /* AppDelegate.swift */,
			);
			path = Metar;
			sourceTree = "<group>";
		};
		62DD04DD1BD635C800628E9D /* MetarTests */ = {
			isa = PBXGroup;
			children = (
				626D6B3F1BD674EF0042619F /* Extensions */,
				62DD04F91BD635F000628E9D /* Supporting Files */,
				626D6B3C1BD674E60042619F /* Tests */,
			);
			path = MetarTests;
			sourceTree = "<group>";
		};
		62DD04E81BD635C800628E9D /* MetarUITests */ = {
			isa = PBXGroup;
			children = (
				62DD04FA1BD635F600628E9D /* Supporting Files */,
				048863051C4A335700CD5B26 /* Tests */,
			);
			path = MetarUITests;
			sourceTree = "<group>";
		};
		62DD04F71BD635D700628E9D /* UI */ = {
			isa = PBXGroup;
			children = (
				62DD04D01BD635C800628E9D /* Assets.xcassets */,
				62DD04D21BD635C800628E9D /* LaunchScreen.storyboard */,
			);
			path = UI;
			sourceTree = "<group>";
		};
		62DD04F81BD635DA00628E9D /* Supporting Files */ = {
			isa = PBXGroup;
			children = (
				04361D6C1C4AF265000B4721 /* Data */,
				62DD04D51BD635C800628E9D /* Info.plist */,
				047550801C49B49B009DD792 /* Localizable.strings */,
			);
			path = "Supporting Files";
			sourceTree = "<group>";
		};
		62DD04F91BD635F000628E9D /* Supporting Files */ = {
			isa = PBXGroup;
			children = (
				62DD04E01BD635C800628E9D /* Info.plist */,
			);
			path = "Supporting Files";
			sourceTree = "<group>";
		};
		62DD04FA1BD635F600628E9D /* Supporting Files */ = {
			isa = PBXGroup;
			children = (
				62DD04EB1BD635C800628E9D /* Info.plist */,
			);
			path = "Supporting Files";
			sourceTree = "<group>";
		};
		B2779EAC3ECEBB4B5D5458EE /* Pods */ = {
			isa = PBXGroup;
			children = (
				90728424445FD54E398F4BB6 /* Pods.debug.xcconfig */,
				F1C42FAD29132B037F942857 /* Pods.release.xcconfig */,
				02CBDA2D172B500695FBB8FE /* Pods-MetarTests.debug.xcconfig */,
				E8826967B2D55A9014719AB6 /* Pods-MetarTests.release.xcconfig */,
				EC553B6FC9ACB89C1311035B /* Pods-MetarUITests.debug.xcconfig */,
				87C18784C63CBC00C74E2AEC /* Pods-MetarUITests.release.xcconfig */,
			);
			name = Pods;
			sourceTree = "<group>";
		};
/* End PBXGroup section */

/* Begin PBXNativeTarget section */
		62DD04C51BD635C800628E9D /* Metar */ = {
			isa = PBXNativeTarget;
			buildConfigurationList = 62DD04EE1BD635C800628E9D /* Build configuration list for PBXNativeTarget "Metar" */;
			buildPhases = (
				B8010CE9EFD83DC528BF84FD /* Check Pods Manifest.lock */,
				62DD04C21BD635C800628E9D /* Sources */,
				62DD04C31BD635C800628E9D /* Frameworks */,
				62DD04C41BD635C800628E9D /* Resources */,
				9EF574769A2573B63F84FD1B /* Embed Pods Frameworks */,
				01119F8A6E71AB48567D1A8E /* Copy Pods Resources */,
			);
			buildRules = (
			);
			dependencies = (
			);
			name = Metar;
			productName = Metar;
			productReference = 62DD04C61BD635C800628E9D /* Metar.app */;
			productType = "com.apple.product-type.application";
		};
		62DD04D91BD635C800628E9D /* MetarTests */ = {
			isa = PBXNativeTarget;
			buildConfigurationList = 62DD04F11BD635C800628E9D /* Build configuration list for PBXNativeTarget "MetarTests" */;
			buildPhases = (
				22B22A8A50857E1FE4A1DFA5 /* Check Pods Manifest.lock */,
				62DD04D61BD635C800628E9D /* Sources */,
				62DD04D71BD635C800628E9D /* Frameworks */,
				62DD04D81BD635C800628E9D /* Resources */,
				F34535D70CAD553E48D9DBCB /* Embed Pods Frameworks */,
				AA32DE3E78220581E25B46B0 /* Copy Pods Resources */,
			);
			buildRules = (
			);
			dependencies = (
				62DD04DC1BD635C800628E9D /* PBXTargetDependency */,
			);
			name = MetarTests;
			productName = MetarTests;
			productReference = 62DD04DA1BD635C800628E9D /* MetarTests.xctest */;
			productType = "com.apple.product-type.bundle.unit-test";
		};
		62DD04E41BD635C800628E9D /* MetarUITests */ = {
			isa = PBXNativeTarget;
			buildConfigurationList = 62DD04F41BD635C800628E9D /* Build configuration list for PBXNativeTarget "MetarUITests" */;
			buildPhases = (
				BAFBBE3410F5421478DC9FB6 /* Check Pods Manifest.lock */,
				62DD04E11BD635C800628E9D /* Sources */,
				62DD04E21BD635C800628E9D /* Frameworks */,
				62DD04E31BD635C800628E9D /* Resources */,
				06FBFCB5C09D74FDAF29665C /* Copy Pods Resources */,
			);
			buildRules = (
			);
			dependencies = (
				62DD04E71BD635C800628E9D /* PBXTargetDependency */,
			);
			name = MetarUITests;
			productName = MetarUITests;
			productReference = 62DD04E51BD635C800628E9D /* MetarUITests.xctest */;
			productType = "com.apple.product-type.bundle.ui-testing";
		};
/* End PBXNativeTarget section */

/* Begin PBXProject section */
		62DD04BE1BD635C800628E9D /* Project object */ = {
			isa = PBXProject;
			attributes = {
				LastUpgradeCheck = 0700;
				ORGANIZATIONNAME = "Jelle Vandebeeck";
				TargetAttributes = {
					62DD04C51BD635C800628E9D = {
						CreatedOnToolsVersion = 7.0.1;
						DevelopmentTeam = 743AM63YFU;
					};
					62DD04D91BD635C800628E9D = {
						CreatedOnToolsVersion = 7.0.1;
						TestTargetID = 62DD04C51BD635C800628E9D;
					};
					62DD04E41BD635C800628E9D = {
						CreatedOnToolsVersion = 7.0.1;
						TestTargetID = 62DD04C51BD635C800628E9D;
					};
				};
			};
			buildConfigurationList = 62DD04C11BD635C800628E9D /* Build configuration list for PBXProject "Metar" */;
			compatibilityVersion = "Xcode 3.2";
			developmentRegion = English;
			hasScannedForEncodings = 0;
			knownRegions = (
				en,
			);
			mainGroup = 62DD04BD1BD635C800628E9D;
			productRefGroup = 62DD04C71BD635C800628E9D /* Products */;
			projectDirPath = "";
			projectRoot = "";
			targets = (
				62DD04C51BD635C800628E9D /* Metar */,
				62DD04D91BD635C800628E9D /* MetarTests */,
				62DD04E41BD635C800628E9D /* MetarUITests */,
			);
		};
/* End PBXProject section */

/* Begin PBXResourcesBuildPhase section */
		62DD04C41BD635C800628E9D /* Resources */ = {
			isa = PBXResourcesBuildPhase;
			buildActionMask = 2147483647;
			files = (
				04361D661C4A8F3C000B4721 /* ICAO.plist in Resources */,
				0475507E1C49B49B009DD792 /* Localizable.strings in Resources */,
				62DD04D41BD635C800628E9D /* LaunchScreen.storyboard in Resources */,
				04361D721C4B90BE000B4721 /* Metar.storyboard in Resources */,
				626D6B841BD68ADF0042619F /* Dashboard.storyboard in Resources */,
				04C22BA01BD6A5D800175B52 /* Search.storyboard in Resources */,
				62DD04D11BD635C800628E9D /* Assets.xcassets in Resources */,
			);
			runOnlyForDeploymentPostprocessing = 0;
		};
		62DD04D81BD635C800628E9D /* Resources */ = {
			isa = PBXResourcesBuildPhase;
			buildActionMask = 2147483647;
			files = (
			);
			runOnlyForDeploymentPostprocessing = 0;
		};
		62DD04E31BD635C800628E9D /* Resources */ = {
			isa = PBXResourcesBuildPhase;
			buildActionMask = 2147483647;
			files = (
			);
			runOnlyForDeploymentPostprocessing = 0;
		};
/* End PBXResourcesBuildPhase section */

/* Begin PBXShellScriptBuildPhase section */
		01119F8A6E71AB48567D1A8E /* Copy Pods Resources */ = {
			isa = PBXShellScriptBuildPhase;
			buildActionMask = 2147483647;
			files = (
			);
			inputPaths = (
			);
			name = "Copy Pods Resources";
			outputPaths = (
			);
			runOnlyForDeploymentPostprocessing = 0;
			shellPath = /bin/sh;
			shellScript = "\"${SRCROOT}/Pods/Target Support Files/Pods/Pods-resources.sh\"\n";
			showEnvVarsInLog = 0;
		};
		06FBFCB5C09D74FDAF29665C /* Copy Pods Resources */ = {
			isa = PBXShellScriptBuildPhase;
			buildActionMask = 2147483647;
			files = (
			);
			inputPaths = (
			);
			name = "Copy Pods Resources";
			outputPaths = (
			);
			runOnlyForDeploymentPostprocessing = 0;
			shellPath = /bin/sh;
			shellScript = "\"${SRCROOT}/Pods/Target Support Files/Pods-MetarUITests/Pods-MetarUITests-resources.sh\"\n";
			showEnvVarsInLog = 0;
		};
		22B22A8A50857E1FE4A1DFA5 /* Check Pods Manifest.lock */ = {
			isa = PBXShellScriptBuildPhase;
			buildActionMask = 2147483647;
			files = (
			);
			inputPaths = (
			);
			name = "Check Pods Manifest.lock";
			outputPaths = (
			);
			runOnlyForDeploymentPostprocessing = 0;
			shellPath = /bin/sh;
			shellScript = "diff \"${PODS_ROOT}/../Podfile.lock\" \"${PODS_ROOT}/Manifest.lock\" > /dev/null\nif [[ $? != 0 ]] ; then\n    cat << EOM\nerror: The sandbox is not in sync with the Podfile.lock. Run 'pod install' or update your CocoaPods installation.\nEOM\n    exit 1\nfi\n";
			showEnvVarsInLog = 0;
		};
		9EF574769A2573B63F84FD1B /* Embed Pods Frameworks */ = {
			isa = PBXShellScriptBuildPhase;
			buildActionMask = 2147483647;
			files = (
			);
			inputPaths = (
			);
			name = "Embed Pods Frameworks";
			outputPaths = (
			);
			runOnlyForDeploymentPostprocessing = 0;
			shellPath = /bin/sh;
			shellScript = "\"${SRCROOT}/Pods/Target Support Files/Pods/Pods-frameworks.sh\"\n";
			showEnvVarsInLog = 0;
		};
		AA32DE3E78220581E25B46B0 /* Copy Pods Resources */ = {
			isa = PBXShellScriptBuildPhase;
			buildActionMask = 2147483647;
			files = (
			);
			inputPaths = (
			);
			name = "Copy Pods Resources";
			outputPaths = (
			);
			runOnlyForDeploymentPostprocessing = 0;
			shellPath = /bin/sh;
			shellScript = "\"${SRCROOT}/Pods/Target Support Files/Pods-MetarTests/Pods-MetarTests-resources.sh\"\n";
			showEnvVarsInLog = 0;
		};
		B8010CE9EFD83DC528BF84FD /* Check Pods Manifest.lock */ = {
			isa = PBXShellScriptBuildPhase;
			buildActionMask = 2147483647;
			files = (
			);
			inputPaths = (
			);
			name = "Check Pods Manifest.lock";
			outputPaths = (
			);
			runOnlyForDeploymentPostprocessing = 0;
			shellPath = /bin/sh;
			shellScript = "diff \"${PODS_ROOT}/../Podfile.lock\" \"${PODS_ROOT}/Manifest.lock\" > /dev/null\nif [[ $? != 0 ]] ; then\n    cat << EOM\nerror: The sandbox is not in sync with the Podfile.lock. Run 'pod install' or update your CocoaPods installation.\nEOM\n    exit 1\nfi\n";
			showEnvVarsInLog = 0;
		};
		BAFBBE3410F5421478DC9FB6 /* Check Pods Manifest.lock */ = {
			isa = PBXShellScriptBuildPhase;
			buildActionMask = 2147483647;
			files = (
			);
			inputPaths = (
			);
			name = "Check Pods Manifest.lock";
			outputPaths = (
			);
			runOnlyForDeploymentPostprocessing = 0;
			shellPath = /bin/sh;
			shellScript = "diff \"${PODS_ROOT}/../Podfile.lock\" \"${PODS_ROOT}/Manifest.lock\" > /dev/null\nif [[ $? != 0 ]] ; then\n    cat << EOM\nerror: The sandbox is not in sync with the Podfile.lock. Run 'pod install' or update your CocoaPods installation.\nEOM\n    exit 1\nfi\n";
			showEnvVarsInLog = 0;
		};
		F34535D70CAD553E48D9DBCB /* Embed Pods Frameworks */ = {
			isa = PBXShellScriptBuildPhase;
			buildActionMask = 2147483647;
			files = (
			);
			inputPaths = (
			);
			name = "Embed Pods Frameworks";
			outputPaths = (
			);
			runOnlyForDeploymentPostprocessing = 0;
			shellPath = /bin/sh;
			shellScript = "\"${SRCROOT}/Pods/Target Support Files/Pods-MetarTests/Pods-MetarTests-frameworks.sh\"\n";
			showEnvVarsInLog = 0;
		};
/* End PBXShellScriptBuildPhase section */

/* Begin PBXSourcesBuildPhase section */
		62DD04C21BD635C800628E9D /* Sources */ = {
			isa = PBXSourcesBuildPhase;
			buildActionMask = 2147483647;
			files = (
				04361D641C4A814B000B4721 /* MTRDelegatingNavigationController.swift in Sources */,
				62DD04CA1BD635C800628E9D /* AppDelegate.swift in Sources */,
				04361D6E1C4B9083000B4721 /* MetarViewController.swift in Sources */,
				04D5BCAC1C4C504B004ABF12 /* MTRSpinnerBarButtonItem.swift in Sources */,
				626D6B7C1BD689B80042619F /* Wind.swift in Sources */,
				626D6B761BD689B80042619F /* Cloud.swift in Sources */,
				626D6B881BD68DE20042619F /* DashboardView.swift in Sources */,
				046C5CCE1C4BA34F0090AD2C /* MetarStationDetailViewController.swift in Sources */,
				046C5CD01C4BA3820090AD2C /* MetarStationView.swift in Sources */,
				626D6B7D1BD689B80042619F /* MTRParser.swift in Sources */,
				626D6B7A1BD689B80042619F /* Station.swift in Sources */,
				626D6B781BD689B80042619F /* Pressure.swift in Sources */,
				04C22BA41BD6A90E00175B52 /* UIStoryboard+Dismiss.swift in Sources */,
				626D6B571BD67C140042619F /* SwiftRegex.swift in Sources */,
				626D6B861BD68B330042619F /* DashboardViewController.swift in Sources */,
				04C22BAA1BD6EC4C00175B52 /* MTRXMLParser.swift in Sources */,
				04C22BA61BD6AA5C00175B52 /* SearchView.swift in Sources */,
				04C22BAC1BD6EF7400175B52 /* SearchMetarTableViewCell.swift in Sources */,
				04C22BA81BD6B25C00175B52 /* PlaceholderViewController.swift in Sources */,
				04C22BAE1BD6F0C600175B52 /* MTRThreading.swift in Sources */,
				04361D691C4AEACA000B4721 /* CurrentLocationTableViewCell.swift in Sources */,
				04361D701C4B90AA000B4721 /* MetarView.swift in Sources */,
				626D6B791BD689B80042619F /* Runway.swift in Sources */,
				04C22BA21BD6A82F00175B52 /* SearchViewController.swift in Sources */,
				626D6B771BD689B80042619F /* Metar.swift in Sources */,
				047550821C49B4F8009DD792 /* PlaceholderView.swift in Sources */,
				626D6B8C1BD69A0D0042619F /* StationsTableViewController.swift in Sources */,
				626D6B7B1BD689B80042619F /* Visibility.swift in Sources */,
				626D6B751BD689B80042619F /* String+Formatters.swift in Sources */,
				626D6B7E1BD689B80042619F /* MTRService.swift in Sources */,
				043F8FF41C49B9440032A461 /* UILabel+Attributes.swift in Sources */,
			);
			runOnlyForDeploymentPostprocessing = 0;
		};
		62DD04D61BD635C800628E9D /* Sources */ = {
			isa = PBXSourcesBuildPhase;
			buildActionMask = 2147483647;
			files = (
				626D6B5C1BD67D740042619F /* MetarParserCategoryTests.swift in Sources */,
				626D6B641BD67FB00042619F /* MetarParserEBBRTests.swift in Sources */,
				626D6B3E1BD674E60042619F /* MetarServiceTests.swift in Sources */,
				626D6B651BD67FB00042619F /* MetarParserLBBGTests.swift in Sources */,
				626D6B411BD675AC0042619F /* QuickSpec+Expectations.swift in Sources */,
			);
			runOnlyForDeploymentPostprocessing = 0;
		};
		62DD04E11BD635C800628E9D /* Sources */ = {
			isa = PBXSourcesBuildPhase;
			buildActionMask = 2147483647;
			files = (
				048863041C4A334E00CD5B26 /* DashboardTests.swift in Sources */,
			);
			runOnlyForDeploymentPostprocessing = 0;
		};
/* End PBXSourcesBuildPhase section */

/* Begin PBXTargetDependency section */
		62DD04DC1BD635C800628E9D /* PBXTargetDependency */ = {
			isa = PBXTargetDependency;
			target = 62DD04C51BD635C800628E9D /* Metar */;
			targetProxy = 62DD04DB1BD635C800628E9D /* PBXContainerItemProxy */;
		};
		62DD04E71BD635C800628E9D /* PBXTargetDependency */ = {
			isa = PBXTargetDependency;
			target = 62DD04C51BD635C800628E9D /* Metar */;
			targetProxy = 62DD04E61BD635C800628E9D /* PBXContainerItemProxy */;
		};
/* End PBXTargetDependency section */

/* Begin PBXVariantGroup section */
		047550801C49B49B009DD792 /* Localizable.strings */ = {
			isa = PBXVariantGroup;
			children = (
				0475507F1C49B49B009DD792 /* en */,
			);
			name = Localizable.strings;
			path = .;
			sourceTree = "<group>";
		};
		62DD04D21BD635C800628E9D /* LaunchScreen.storyboard */ = {
			isa = PBXVariantGroup;
			children = (
				0475507B1C49B48B009DD792 /* en */,
			);
			name = LaunchScreen.storyboard;
			path = .;
			sourceTree = "<group>";
		};
/* End PBXVariantGroup section */

/* Begin XCBuildConfiguration section */
		62DD04EC1BD635C800628E9D /* Debug */ = {
			isa = XCBuildConfiguration;
			buildSettings = {
				ALWAYS_SEARCH_USER_PATHS = NO;
				CLANG_CXX_LANGUAGE_STANDARD = "gnu++0x";
				CLANG_CXX_LIBRARY = "libc++";
				CLANG_ENABLE_MODULES = YES;
				CLANG_ENABLE_OBJC_ARC = YES;
				CLANG_WARN_BOOL_CONVERSION = YES;
				CLANG_WARN_CONSTANT_CONVERSION = YES;
				CLANG_WARN_DIRECT_OBJC_ISA_USAGE = YES_ERROR;
				CLANG_WARN_EMPTY_BODY = YES;
				CLANG_WARN_ENUM_CONVERSION = YES;
				CLANG_WARN_INT_CONVERSION = YES;
				CLANG_WARN_OBJC_ROOT_CLASS = YES_ERROR;
				CLANG_WARN_UNREACHABLE_CODE = YES;
				CLANG_WARN__DUPLICATE_METHOD_MATCH = YES;
				"CODE_SIGN_IDENTITY[sdk=iphoneos*]" = "iPhone Developer";
				COPY_PHASE_STRIP = NO;
				DEBUG_INFORMATION_FORMAT = dwarf;
				ENABLE_STRICT_OBJC_MSGSEND = YES;
				ENABLE_TESTABILITY = YES;
				GCC_C_LANGUAGE_STANDARD = gnu99;
				GCC_DYNAMIC_NO_PIC = NO;
				GCC_NO_COMMON_BLOCKS = YES;
				GCC_OPTIMIZATION_LEVEL = 0;
				GCC_PREPROCESSOR_DEFINITIONS = (
					"DEBUG=1",
					"$(inherited)",
				);
				GCC_WARN_64_TO_32_BIT_CONVERSION = YES;
				GCC_WARN_ABOUT_RETURN_TYPE = YES_ERROR;
				GCC_WARN_UNDECLARED_SELECTOR = YES;
				GCC_WARN_UNINITIALIZED_AUTOS = YES_AGGRESSIVE;
				GCC_WARN_UNUSED_FUNCTION = YES;
				GCC_WARN_UNUSED_VARIABLE = YES;
				IPHONEOS_DEPLOYMENT_TARGET = 9.0;
				MTL_ENABLE_DEBUG_INFO = YES;
				ONLY_ACTIVE_ARCH = YES;
				SDKROOT = iphoneos;
				SWIFT_OPTIMIZATION_LEVEL = "-Onone";
			};
			name = Debug;
		};
		62DD04ED1BD635C800628E9D /* Release */ = {
			isa = XCBuildConfiguration;
			buildSettings = {
				ALWAYS_SEARCH_USER_PATHS = NO;
				CLANG_CXX_LANGUAGE_STANDARD = "gnu++0x";
				CLANG_CXX_LIBRARY = "libc++";
				CLANG_ENABLE_MODULES = YES;
				CLANG_ENABLE_OBJC_ARC = YES;
				CLANG_WARN_BOOL_CONVERSION = YES;
				CLANG_WARN_CONSTANT_CONVERSION = YES;
				CLANG_WARN_DIRECT_OBJC_ISA_USAGE = YES_ERROR;
				CLANG_WARN_EMPTY_BODY = YES;
				CLANG_WARN_ENUM_CONVERSION = YES;
				CLANG_WARN_INT_CONVERSION = YES;
				CLANG_WARN_OBJC_ROOT_CLASS = YES_ERROR;
				CLANG_WARN_UNREACHABLE_CODE = YES;
				CLANG_WARN__DUPLICATE_METHOD_MATCH = YES;
				"CODE_SIGN_IDENTITY[sdk=iphoneos*]" = "iPhone Developer";
				COPY_PHASE_STRIP = NO;
				DEBUG_INFORMATION_FORMAT = "dwarf-with-dsym";
				ENABLE_NS_ASSERTIONS = NO;
				ENABLE_STRICT_OBJC_MSGSEND = YES;
				GCC_C_LANGUAGE_STANDARD = gnu99;
				GCC_NO_COMMON_BLOCKS = YES;
				GCC_WARN_64_TO_32_BIT_CONVERSION = YES;
				GCC_WARN_ABOUT_RETURN_TYPE = YES_ERROR;
				GCC_WARN_UNDECLARED_SELECTOR = YES;
				GCC_WARN_UNINITIALIZED_AUTOS = YES_AGGRESSIVE;
				GCC_WARN_UNUSED_FUNCTION = YES;
				GCC_WARN_UNUSED_VARIABLE = YES;
				IPHONEOS_DEPLOYMENT_TARGET = 9.0;
				MTL_ENABLE_DEBUG_INFO = NO;
				SDKROOT = iphoneos;
				VALIDATE_PRODUCT = YES;
			};
			name = Release;
		};
		62DD04EF1BD635C800628E9D /* Debug */ = {
			isa = XCBuildConfiguration;
			baseConfigurationReference = 90728424445FD54E398F4BB6 /* Pods.debug.xcconfig */;
			buildSettings = {
				ASSETCATALOG_COMPILER_APPICON_NAME = AppIcon;
				CODE_SIGN_IDENTITY = "iPhone Developer";
				"CODE_SIGN_IDENTITY[sdk=iphoneos*]" = "iPhone Developer";
				CURRENT_PROJECT_VERSION = 40;
				INFOPLIST_FILE = "Metar/Supporting Files/Info.plist";
				LD_RUNPATH_SEARCH_PATHS = "$(inherited) @executable_path/Frameworks";
				PRODUCT_BUNDLE_IDENTIFIER = be.fousa.metar;
				PRODUCT_NAME = "$(TARGET_NAME)";
				PROVISIONING_PROFILE = "$(sigh_be.fousa.metar_development)";
			};
			name = Debug;
		};
		62DD04F01BD635C800628E9D /* Release */ = {
			isa = XCBuildConfiguration;
			baseConfigurationReference = F1C42FAD29132B037F942857 /* Pods.release.xcconfig */;
			buildSettings = {
				ASSETCATALOG_COMPILER_APPICON_NAME = AppIcon;
				CODE_SIGN_IDENTITY = "iPhone Developer";
				CURRENT_PROJECT_VERSION = 40;
				INFOPLIST_FILE = "Metar/Supporting Files/Info.plist";
				LD_RUNPATH_SEARCH_PATHS = "$(inherited) @executable_path/Frameworks";
				PRODUCT_BUNDLE_IDENTIFIER = be.fousa.metar;
				PRODUCT_NAME = "$(TARGET_NAME)";
				PROVISIONING_PROFILE = "$(sigh_be.fousa.metar_development)";
			};
			name = Release;
		};
		62DD04F21BD635C800628E9D /* Debug */ = {
			isa = XCBuildConfiguration;
			baseConfigurationReference = 02CBDA2D172B500695FBB8FE /* Pods-MetarTests.debug.xcconfig */;
			buildSettings = {
				BUNDLE_LOADER = "$(TEST_HOST)";
				INFOPLIST_FILE = "MetarTests/Supporting Files/Info.plist";
				LD_RUNPATH_SEARCH_PATHS = "$(inherited) @executable_path/Frameworks @loader_path/Frameworks";
				PRODUCT_BUNDLE_IDENTIFIER = be.fousa.MetarTests;
				PRODUCT_NAME = "$(TARGET_NAME)";
				TEST_HOST = "$(BUILT_PRODUCTS_DIR)/Metar.app/Metar";
			};
			name = Debug;
		};
		62DD04F31BD635C800628E9D /* Release */ = {
			isa = XCBuildConfiguration;
			baseConfigurationReference = E8826967B2D55A9014719AB6 /* Pods-MetarTests.release.xcconfig */;
			buildSettings = {
				BUNDLE_LOADER = "$(TEST_HOST)";
				INFOPLIST_FILE = "MetarTests/Supporting Files/Info.plist";
				LD_RUNPATH_SEARCH_PATHS = "$(inherited) @executable_path/Frameworks @loader_path/Frameworks";
				PRODUCT_BUNDLE_IDENTIFIER = be.fousa.MetarTests;
				PRODUCT_NAME = "$(TARGET_NAME)";
				TEST_HOST = "$(BUILT_PRODUCTS_DIR)/Metar.app/Metar";
			};
			name = Release;
		};
		62DD04F51BD635C800628E9D /* Debug */ = {
			isa = XCBuildConfiguration;
			baseConfigurationReference = EC553B6FC9ACB89C1311035B /* Pods-MetarUITests.debug.xcconfig */;
			buildSettings = {
				INFOPLIST_FILE = "MetarUITests/Supporting Files/Info.plist";
				LD_RUNPATH_SEARCH_PATHS = "$(inherited) @executable_path/Frameworks @loader_path/Frameworks";
				PRODUCT_BUNDLE_IDENTIFIER = be.fousa.MetarUITests;
				PRODUCT_NAME = "$(TARGET_NAME)";
				TEST_TARGET_NAME = Metar;
				USES_XCTRUNNER = YES;
			};
			name = Debug;
		};
		62DD04F61BD635C800628E9D /* Release */ = {
			isa = XCBuildConfiguration;
			baseConfigurationReference = 87C18784C63CBC00C74E2AEC /* Pods-MetarUITests.release.xcconfig */;
			buildSettings = {
				INFOPLIST_FILE = "MetarUITests/Supporting Files/Info.plist";
				LD_RUNPATH_SEARCH_PATHS = "$(inherited) @executable_path/Frameworks @loader_path/Frameworks";
				PRODUCT_BUNDLE_IDENTIFIER = be.fousa.MetarUITests;
				PRODUCT_NAME = "$(TARGET_NAME)";
				TEST_TARGET_NAME = Metar;
				USES_XCTRUNNER = YES;
			};
			name = Release;
		};
/* End XCBuildConfiguration section */

/* Begin XCConfigurationList section */
		62DD04C11BD635C800628E9D /* Build configuration list for PBXProject "Metar" */ = {
			isa = XCConfigurationList;
			buildConfigurations = (
				62DD04EC1BD635C800628E9D /* Debug */,
				62DD04ED1BD635C800628E9D /* Release */,
			);
			defaultConfigurationIsVisible = 0;
			defaultConfigurationName = Release;
		};
		62DD04EE1BD635C800628E9D /* Build configuration list for PBXNativeTarget "Metar" */ = {
			isa = XCConfigurationList;
			buildConfigurations = (
				62DD04EF1BD635C800628E9D /* Debug */,
				62DD04F01BD635C800628E9D /* Release */,
			);
			defaultConfigurationIsVisible = 0;
			defaultConfigurationName = Release;
		};
		62DD04F11BD635C800628E9D /* Build configuration list for PBXNativeTarget "MetarTests" */ = {
			isa = XCConfigurationList;
			buildConfigurations = (
				62DD04F21BD635C800628E9D /* Debug */,
				62DD04F31BD635C800628E9D /* Release */,
			);
			defaultConfigurationIsVisible = 0;
			defaultConfigurationName = Release;
		};
		62DD04F41BD635C800628E9D /* Build configuration list for PBXNativeTarget "MetarUITests" */ = {
			isa = XCConfigurationList;
			buildConfigurations = (
				62DD04F51BD635C800628E9D /* Debug */,
				62DD04F61BD635C800628E9D /* Release */,
			);
			defaultConfigurationIsVisible = 0;
			defaultConfigurationName = Release;
		};
/* End XCConfigurationList section */
	};
	rootObject = 62DD04BE1BD635C800628E9D /* Project object */;
}
